
Microsoft Visual Studio Solution File, Format Version 12.00
# Visual Studio Version 17
VisualStudioVersion = 17.5.002.0
MinimumVisualStudioVersion = 10.0.40219.1
Project("{9A19103F-16F7-4668-BE54-9A1E7A4F7556}") = "", "back-end\.csproj", "{8F5F4988-E2F9-4724-A78D-62846FCF24D3}"
EndProject
Global
	GlobalSection(SolutionConfigurationPlatforms) = preSolution
		Debug|Any CPU = Debug|Any CPU
		Release|Any CPU = Release|Any CPU
	EndGlobalSection
	GlobalSection(ProjectConfigurationPlatforms) = postSolution
		{8F5F4988-E2F9-4724-A78D-62846FCF24D3}.Debug|Any CPU.ActiveCfg = Debug|Any CPU
		{8F5F4988-E2F9-4724-A78D-62846FCF24D3}.Debug|Any CPU.Build.0 = Debug|Any CPU
		{8F5F4988-E2F9-4724-A78D-62846FCF24D3}.Release|Any CPU.ActiveCfg = Release|Any CPU
		{8F5F4988-E2F9-4724-A78D-62846FCF24D3}.Release|Any CPU.Build.0 = Release|Any CPU
	EndGlobalSection
	GlobalSection(SolutionProperties) = preSolution
		HideSolutionNode = FALSE
	EndGlobalSection
	GlobalSection(ExtensibilityGlobals) = postSolution
		SolutionGuid = {D94768CD-779A-449A-B6EA-8DD547EC9AAD}
	EndGlobalSection
EndGlobal
